// !$*UTF8*$!
{
	archiveVersion = 1;
	classes = {
	};
	objectVersion = 56;
	objects = {

/* Begin PBXBuildFile section */
		49659062CE2D9E76BC7E2980 /* Pods_HKSwipePhotoView.framework in Frameworks */ = {isa = PBXBuildFile; fileRef = 083DD787D0C08C13AF456538 /* Pods_HKSwipePhotoView.framework */; };
		9D1D01022ABECEB900F3F417 /* AppDelegate.swift in Sources */ = {isa = PBXBuildFile; fileRef = 9D1D01012ABECEB900F3F417 /* AppDelegate.swift */; };
		9D1D01042ABECEB900F3F417 /* SceneDelegate.swift in Sources */ = {isa = PBXBuildFile; fileRef = 9D1D01032ABECEB900F3F417 /* SceneDelegate.swift */; };
		9D1D010B2ABECEBA00F3F417 /* Assets.xcassets in Resources */ = {isa = PBXBuildFile; fileRef = 9D1D010A2ABECEBA00F3F417 /* Assets.xcassets */; };
		9D1D010E2ABECEBA00F3F417 /* LaunchScreen.storyboard in Resources */ = {isa = PBXBuildFile; fileRef = 9D1D010C2ABECEBA00F3F417 /* LaunchScreen.storyboard */; };
		9D1D011C2ABED6F700F3F417 /* R.generated.swift in Sources */ = {isa = PBXBuildFile; fileRef = 9D1D011B2ABED6F700F3F417 /* R.generated.swift */; };
		9D1D01262ABED81500F3F417 /* UIView+Extension.swift in Sources */ = {isa = PBXBuildFile; fileRef = 9D1D011F2ABED81500F3F417 /* UIView+Extension.swift */; };
		9D1D01272ABED81500F3F417 /* UIImage+Extension.swift in Sources */ = {isa = PBXBuildFile; fileRef = 9D1D01202ABED81500F3F417 /* UIImage+Extension.swift */; };
		9D1D01282ABED81500F3F417 /* ApplicationContext.swift in Sources */ = {isa = PBXBuildFile; fileRef = 9D1D01212ABED81500F3F417 /* ApplicationContext.swift */; };
		9D1D01292ABED81500F3F417 /* Configs.swift in Sources */ = {isa = PBXBuildFile; fileRef = 9D1D01222ABED81500F3F417 /* Configs.swift */; };
		9D1D012A2ABED81500F3F417 /* UIColor+Extension.swift in Sources */ = {isa = PBXBuildFile; fileRef = 9D1D01232ABED81500F3F417 /* UIColor+Extension.swift */; };
		9D1D012B2ABED81500F3F417 /* UIKit+Extension.swift in Sources */ = {isa = PBXBuildFile; fileRef = 9D1D01242ABED81500F3F417 /* UIKit+Extension.swift */; };
		9D1D012F2ABED9DF00F3F417 /* PhotoCellView.swift in Sources */ = {isa = PBXBuildFile; fileRef = 9D1D012C2ABED9DF00F3F417 /* PhotoCellView.swift */; };
		9D1D01302ABED9DF00F3F417 /* PhotoContentView.swift in Sources */ = {isa = PBXBuildFile; fileRef = 9D1D012D2ABED9DF00F3F417 /* PhotoContentView.swift */; };
		9D1D01312ABED9DF00F3F417 /* PhotoBtnAnimationView.swift in Sources */ = {isa = PBXBuildFile; fileRef = 9D1D012E2ABED9DF00F3F417 /* PhotoBtnAnimationView.swift */; };
		9D1D01342ABED9E700F3F417 /* PhotoCleanerManager.swift in Sources */ = {isa = PBXBuildFile; fileRef = 9D1D01322ABED9E700F3F417 /* PhotoCleanerManager.swift */; };
		9D1D01352ABED9E700F3F417 /* PhotoModel.swift in Sources */ = {isa = PBXBuildFile; fileRef = 9D1D01332ABED9E700F3F417 /* PhotoModel.swift */; };
		9D1D01372ABED9F800F3F417 /* PhotoCleanerVC.swift in Sources */ = {isa = PBXBuildFile; fileRef = 9D1D01362ABED9F800F3F417 /* PhotoCleanerVC.swift */; };
		9D1D01392ABEDADB00F3F417 /* UIButton+Extension.swift in Sources */ = {isa = PBXBuildFile; fileRef = 9D1D01382ABEDADB00F3F417 /* UIButton+Extension.swift */; };
/* End PBXBuildFile section */

/* Begin PBXFileReference section */
		083DD787D0C08C13AF456538 /* Pods_HKSwipePhotoView.framework */ = {isa = PBXFileReference; explicitFileType = wrapper.framework; includeInIndex = 0; path = Pods_HKSwipePhotoView.framework; sourceTree = BUILT_PRODUCTS_DIR; };
		39AEB1DC2648CE1367815628 /* Pods-HKSwipePhotoView.debug.xcconfig */ = {isa = PBXFileReference; includeInIndex = 1; lastKnownFileType = text.xcconfig; name = "Pods-HKSwipePhotoView.debug.xcconfig"; path = "Target Support Files/Pods-HKSwipePhotoView/Pods-HKSwipePhotoView.debug.xcconfig"; sourceTree = "<group>"; };
		9D1D00FE2ABECEB900F3F417 /* HKSwipePhotoView.app */ = {isa = PBXFileReference; explicitFileType = wrapper.application; includeInIndex = 0; path = HKSwipePhotoView.app; sourceTree = BUILT_PRODUCTS_DIR; };
		9D1D01012ABECEB900F3F417 /* AppDelegate.swift */ = {isa = PBXFileReference; lastKnownFileType = sourcecode.swift; path = AppDelegate.swift; sourceTree = "<group>"; };
		9D1D01032ABECEB900F3F417 /* SceneDelegate.swift */ = {isa = PBXFileReference; lastKnownFileType = sourcecode.swift; path = SceneDelegate.swift; sourceTree = "<group>"; };
		9D1D010A2ABECEBA00F3F417 /* Assets.xcassets */ = {isa = PBXFileReference; lastKnownFileType = folder.assetcatalog; path = Assets.xcassets; sourceTree = "<group>"; };
		9D1D010D2ABECEBA00F3F417 /* Base */ = {isa = PBXFileReference; lastKnownFileType = file.storyboard; name = Base; path = Base.lproj/LaunchScreen.storyboard; sourceTree = "<group>"; };
		9D1D010F2ABECEBA00F3F417 /* Info.plist */ = {isa = PBXFileReference; lastKnownFileType = text.plist.xml; path = Info.plist; sourceTree = "<group>"; };
		9D1D011B2ABED6F700F3F417 /* R.generated.swift */ = {isa = PBXFileReference; fileEncoding = 4; lastKnownFileType = sourcecode.swift; path = R.generated.swift; sourceTree = "<group>"; };
		9D1D011F2ABED81500F3F417 /* UIView+Extension.swift */ = {isa = PBXFileReference; fileEncoding = 4; lastKnownFileType = sourcecode.swift; path = "UIView+Extension.swift"; sourceTree = "<group>"; };
		9D1D01202ABED81500F3F417 /* UIImage+Extension.swift */ = {isa = PBXFileReference; fileEncoding = 4; lastKnownFileType = sourcecode.swift; path = "UIImage+Extension.swift"; sourceTree = "<group>"; };
		9D1D01212ABED81500F3F417 /* ApplicationContext.swift */ = {isa = PBXFileReference; fileEncoding = 4; lastKnownFileType = sourcecode.swift; path = ApplicationContext.swift; sourceTree = "<group>"; };
		9D1D01222ABED81500F3F417 /* Configs.swift */ = {isa = PBXFileReference; fileEncoding = 4; lastKnownFileType = sourcecode.swift; path = Configs.swift; sourceTree = "<group>"; };
		9D1D01232ABED81500F3F417 /* UIColor+Extension.swift */ = {isa = PBXFileReference; fileEncoding = 4; lastKnownFileType = sourcecode.swift; path = "UIColor+Extension.swift"; sourceTree = "<group>"; };
		9D1D01242ABED81500F3F417 /* UIKit+Extension.swift */ = {isa = PBXFileReference; fileEncoding = 4; lastKnownFileType = sourcecode.swift; path = "UIKit+Extension.swift"; sourceTree = "<group>"; };
		9D1D012C2ABED9DF00F3F417 /* PhotoCellView.swift */ = {isa = PBXFileReference; fileEncoding = 4; lastKnownFileType = sourcecode.swift; path = PhotoCellView.swift; sourceTree = "<group>"; };
		9D1D012D2ABED9DF00F3F417 /* PhotoContentView.swift */ = {isa = PBXFileReference; fileEncoding = 4; lastKnownFileType = sourcecode.swift; path = PhotoContentView.swift; sourceTree = "<group>"; };
		9D1D012E2ABED9DF00F3F417 /* PhotoBtnAnimationView.swift */ = {isa = PBXFileReference; fileEncoding = 4; lastKnownFileType = sourcecode.swift; path = PhotoBtnAnimationView.swift; sourceTree = "<group>"; };
		9D1D01322ABED9E700F3F417 /* PhotoCleanerManager.swift */ = {isa = PBXFileReference; fileEncoding = 4; lastKnownFileType = sourcecode.swift; path = PhotoCleanerManager.swift; sourceTree = "<group>"; };
		9D1D01332ABED9E700F3F417 /* PhotoModel.swift */ = {isa = PBXFileReference; fileEncoding = 4; lastKnownFileType = sourcecode.swift; path = PhotoModel.swift; sourceTree = "<group>"; };
		9D1D01362ABED9F800F3F417 /* PhotoCleanerVC.swift */ = {isa = PBXFileReference; fileEncoding = 4; lastKnownFileType = sourcecode.swift; path = PhotoCleanerVC.swift; sourceTree = "<group>"; };
		9D1D01382ABEDADB00F3F417 /* UIButton+Extension.swift */ = {isa = PBXFileReference; fileEncoding = 4; lastKnownFileType = sourcecode.swift; path = "UIButton+Extension.swift"; sourceTree = "<group>"; };
		DEAC1CB20ED9C5709AD9599F /* Pods-HKSwipePhotoView.release.xcconfig */ = {isa = PBXFileReference; includeInIndex = 1; lastKnownFileType = text.xcconfig; name = "Pods-HKSwipePhotoView.release.xcconfig"; path = "Target Support Files/Pods-HKSwipePhotoView/Pods-HKSwipePhotoView.release.xcconfig"; sourceTree = "<group>"; };
/* End PBXFileReference section */

/* Begin PBXFrameworksBuildPhase section */
		9D1D00FB2ABECEB900F3F417 /* Frameworks */ = {
			isa = PBXFrameworksBuildPhase;
			buildActionMask = 2147483647;
			files = (
				49659062CE2D9E76BC7E2980 /* Pods_HKSwipePhotoView.framework in Frameworks */,
			);
			runOnlyForDeploymentPostprocessing = 0;
		};
/* End PBXFrameworksBuildPhase section */

/* Begin PBXGroup section */
		260DCF4BDA8E2FEA9E107867 /* Frameworks */ = {
			isa = PBXGroup;
			children = (
				083DD787D0C08C13AF456538 /* Pods_HKSwipePhotoView.framework */,
			);
			name = Frameworks;
			sourceTree = "<group>";
		};
		9D1D00F52ABECEB900F3F417 = {
			isa = PBXGroup;
			children = (
				9D1D011B2ABED6F700F3F417 /* R.generated.swift */,
				9D1D01002ABECEB900F3F417 /* HKSwipePhotoView */,
				9D1D00FF2ABECEB900F3F417 /* Products */,
				E9B06A16A3DE5EDB318F7665 /* Pods */,
				260DCF4BDA8E2FEA9E107867 /* Frameworks */,
			);
			sourceTree = "<group>";
		};
		9D1D00FF2ABECEB900F3F417 /* Products */ = {
			isa = PBXGroup;
			children = (
				9D1D00FE2ABECEB900F3F417 /* HKSwipePhotoView.app */,
			);
			name = Products;
			sourceTree = "<group>";
		};
		9D1D01002ABECEB900F3F417 /* HKSwipePhotoView */ = {
			isa = PBXGroup;
			children = (
				9D1D01152ABECFCB00F3F417 /* SwipePhotoView */,
				9D1D011D2ABED7FA00F3F417 /* Extension */,
				9D1D01012ABECEB900F3F417 /* AppDelegate.swift */,
				9D1D01032ABECEB900F3F417 /* SceneDelegate.swift */,
				9D1D010A2ABECEBA00F3F417 /* Assets.xcassets */,
				9D1D010C2ABECEBA00F3F417 /* LaunchScreen.storyboard */,
				9D1D010F2ABECEBA00F3F417 /* Info.plist */,
			);
			path = HKSwipePhotoView;
			sourceTree = "<group>";
		};
		9D1D01152ABECFCB00F3F417 /* SwipePhotoView */ = {
			isa = PBXGroup;
			children = (
				9D1D01192ABECFE900F3F417 /* Controller */,
				9D1D01182ABECFE300F3F417 /* View */,
				9D1D01172ABECFDD00F3F417 /* Model */,
			);
			path = SwipePhotoView;
			sourceTree = "<group>";
		};
		9D1D01172ABECFDD00F3F417 /* Model */ = {
			isa = PBXGroup;
			children = (
				9D1D01322ABED9E700F3F417 /* PhotoCleanerManager.swift */,
				9D1D01332ABED9E700F3F417 /* PhotoModel.swift */,
			);
			path = Model;
			sourceTree = "<group>";
		};
		9D1D01182ABECFE300F3F417 /* View */ = {
			isa = PBXGroup;
			children = (
				9D1D012E2ABED9DF00F3F417 /* PhotoBtnAnimationView.swift */,
				9D1D012C2ABED9DF00F3F417 /* PhotoCellView.swift */,
				9D1D012D2ABED9DF00F3F417 /* PhotoContentView.swift */,
			);
			path = View;
			sourceTree = "<group>";
		};
		9D1D01192ABECFE900F3F417 /* Controller */ = {
			isa = PBXGroup;
			children = (
				9D1D01362ABED9F800F3F417 /* PhotoCleanerVC.swift */,
			);
			path = Controller;
			sourceTree = "<group>";
		};
		9D1D011D2ABED7FA00F3F417 /* Extension */ = {
			isa = PBXGroup;
			children = (
				9D1D01382ABEDADB00F3F417 /* UIButton+Extension.swift */,
				9D1D01212ABED81500F3F417 /* ApplicationContext.swift */,
				9D1D01222ABED81500F3F417 /* Configs.swift */,
				9D1D01232ABED81500F3F417 /* UIColor+Extension.swift */,
				9D1D01202ABED81500F3F417 /* UIImage+Extension.swift */,
				9D1D01242ABED81500F3F417 /* UIKit+Extension.swift */,
				9D1D011F2ABED81500F3F417 /* UIView+Extension.swift */,
			);
			path = Extension;
			sourceTree = "<group>";
		};
		E9B06A16A3DE5EDB318F7665 /* Pods */ = {
			isa = PBXGroup;
			children = (
				39AEB1DC2648CE1367815628 /* Pods-HKSwipePhotoView.debug.xcconfig */,
				DEAC1CB20ED9C5709AD9599F /* Pods-HKSwipePhotoView.release.xcconfig */,
			);
			path = Pods;
			sourceTree = "<group>";
		};
/* End PBXGroup section */

/* Begin PBXNativeTarget section */
		9D1D00FD2ABECEB900F3F417 /* HKSwipePhotoView */ = {
			isa = PBXNativeTarget;
			buildConfigurationList = 9D1D01122ABECEBA00F3F417 /* Build configuration list for PBXNativeTarget "HKSwipePhotoView" */;
			buildPhases = (
				2F49B178F9A0397661B2C7A6 /* [CP] Check Pods Manifest.lock */,
				9D1D011A2ABED56B00F3F417 /* ShellScript */,
				9D1D00FA2ABECEB900F3F417 /* Sources */,
				9D1D00FB2ABECEB900F3F417 /* Frameworks */,
				9D1D00FC2ABECEB900F3F417 /* Resources */,
				7FDF5044ABDC653C373D5370 /* [CP] Embed Pods Frameworks */,
			);
			buildRules = (
			);
			dependencies = (
			);
			name = HKSwipePhotoView;
			productName = HKSwipePhotoView;
			productReference = 9D1D00FE2ABECEB900F3F417 /* HKSwipePhotoView.app */;
			productType = "com.apple.product-type.application";
		};
/* End PBXNativeTarget section */

/* Begin PBXProject section */
		9D1D00F62ABECEB900F3F417 /* Project object */ = {
			isa = PBXProject;
			attributes = {
				BuildIndependentTargetsInParallel = 1;
				LastSwiftUpdateCheck = 1500;
				LastUpgradeCheck = 1500;
				TargetAttributes = {
					9D1D00FD2ABECEB900F3F417 = {
						CreatedOnToolsVersion = 15.0;
					};
				};
			};
			buildConfigurationList = 9D1D00F92ABECEB900F3F417 /* Build configuration list for PBXProject "HKSwipePhotoView" */;
			compatibilityVersion = "Xcode 14.0";
			developmentRegion = en;
			hasScannedForEncodings = 0;
			knownRegions = (
				en,
				Base,
			);
			mainGroup = 9D1D00F52ABECEB900F3F417;
			productRefGroup = 9D1D00FF2ABECEB900F3F417 /* Products */;
			projectDirPath = "";
			projectRoot = "";
			targets = (
				9D1D00FD2ABECEB900F3F417 /* HKSwipePhotoView */,
			);
		};
/* End PBXProject section */

/* Begin PBXResourcesBuildPhase section */
		9D1D00FC2ABECEB900F3F417 /* Resources */ = {
			isa = PBXResourcesBuildPhase;
			buildActionMask = 2147483647;
			files = (
				9D1D010E2ABECEBA00F3F417 /* LaunchScreen.storyboard in Resources */,
				9D1D010B2ABECEBA00F3F417 /* Assets.xcassets in Resources */,
			);
			runOnlyForDeploymentPostprocessing = 0;
		};
/* End PBXResourcesBuildPhase section */

/* Begin PBXShellScriptBuildPhase section */
		2F49B178F9A0397661B2C7A6 /* [CP] Check Pods Manifest.lock */ = {
			isa = PBXShellScriptBuildPhase;
			buildActionMask = 2147483647;
			files = (
			);
			inputFileListPaths = (
			);
			inputPaths = (
				"${PODS_PODFILE_DIR_PATH}/Podfile.lock",
				"${PODS_ROOT}/Manifest.lock",
			);
			name = "[CP] Check Pods Manifest.lock";
			outputFileListPaths = (
			);
			outputPaths = (
				"$(DERIVED_FILE_DIR)/Pods-HKSwipePhotoView-checkManifestLockResult.txt",
			);
			runOnlyForDeploymentPostprocessing = 0;
			shellPath = /bin/sh;
			shellScript = "diff \"${PODS_PODFILE_DIR_PATH}/Podfile.lock\" \"${PODS_ROOT}/Manifest.lock\" > /dev/null\nif [ $? != 0 ] ; then\n    # print error to STDERR\n    echo \"error: The sandbox is not in sync with the Podfile.lock. Run 'pod install' or update your CocoaPods installation.\" >&2\n    exit 1\nfi\n# This output is used by Xcode 'outputs' to avoid re-running this script phase.\necho \"SUCCESS\" > \"${SCRIPT_OUTPUT_FILE_0}\"\n";
			showEnvVarsInLog = 0;
		};
		7FDF5044ABDC653C373D5370 /* [CP] Embed Pods Frameworks */ = {
			isa = PBXShellScriptBuildPhase;
			buildActionMask = 2147483647;
			files = (
			);
			inputFileListPaths = (
				"${PODS_ROOT}/Target Support Files/Pods-HKSwipePhotoView/Pods-HKSwipePhotoView-frameworks-${CONFIGURATION}-input-files.xcfilelist",
			);
			name = "[CP] Embed Pods Frameworks";
			outputFileListPaths = (
				"${PODS_ROOT}/Target Support Files/Pods-HKSwipePhotoView/Pods-HKSwipePhotoView-frameworks-${CONFIGURATION}-output-files.xcfilelist",
			);
			runOnlyForDeploymentPostprocessing = 0;
			shellPath = /bin/sh;
			shellScript = "\"${PODS_ROOT}/Target Support Files/Pods-HKSwipePhotoView/Pods-HKSwipePhotoView-frameworks.sh\"\n";
			showEnvVarsInLog = 0;
		};
		9D1D011A2ABED56B00F3F417 /* ShellScript */ = {
			isa = PBXShellScriptBuildPhase;
			buildActionMask = 2147483647;
			files = (
			);
			inputFileListPaths = (
			);
			inputPaths = (
			);
			outputFileListPaths = (
			);
			outputPaths = (
			);
			runOnlyForDeploymentPostprocessing = 0;
			shellPath = /bin/sh;
			shellScript = "# Type a script or drag a script file from your workspace to insert its path.\n\"$PODS_ROOT/R.swift/rswift\" generate \"$SRCROOT/R.generated.swift\"\n";
		};
/* End PBXShellScriptBuildPhase section */

/* Begin PBXSourcesBuildPhase section */
		9D1D00FA2ABECEB900F3F417 /* Sources */ = {
			isa = PBXSourcesBuildPhase;
			buildActionMask = 2147483647;
			files = (
				9D1D01292ABED81500F3F417 /* Configs.swift in Sources */,
				9D1D01022ABECEB900F3F417 /* AppDelegate.swift in Sources */,
				9D1D012A2ABED81500F3F417 /* UIColor+Extension.swift in Sources */,
				9D1D012B2ABED81500F3F417 /* UIKit+Extension.swift in Sources */,
				9D1D01352ABED9E700F3F417 /* PhotoModel.swift in Sources */,
				9D1D01392ABEDADB00F3F417 /* UIButton+Extension.swift in Sources */,
				9D1D01302ABED9DF00F3F417 /* PhotoContentView.swift in Sources */,
				9D1D01372ABED9F800F3F417 /* PhotoCleanerVC.swift in Sources */,
				9D1D01282ABED81500F3F417 /* ApplicationContext.swift in Sources */,
				9D1D012F2ABED9DF00F3F417 /* PhotoCellView.swift in Sources */,
				9D1D01342ABED9E700F3F417 /* PhotoCleanerManager.swift in Sources */,
				9D1D01312ABED9DF00F3F417 /* PhotoBtnAnimationView.swift in Sources */,
				9D1D01042ABECEB900F3F417 /* SceneDelegate.swift in Sources */,
				9D1D01272ABED81500F3F417 /* UIImage+Extension.swift in Sources */,
				9D1D01262ABED81500F3F417 /* UIView+Extension.swift in Sources */,
				9D1D011C2ABED6F700F3F417 /* R.generated.swift in Sources */,
			);
			runOnlyForDeploymentPostprocessing = 0;
		};
/* End PBXSourcesBuildPhase section */

/* Begin PBXVariantGroup section */
		9D1D010C2ABECEBA00F3F417 /* LaunchScreen.storyboard */ = {
			isa = PBXVariantGroup;
			children = (
				9D1D010D2ABECEBA00F3F417 /* Base */,
			);
			name = LaunchScreen.storyboard;
			sourceTree = "<group>";
		};
/* End PBXVariantGroup section */

/* Begin XCBuildConfiguration section */
		9D1D01102ABECEBA00F3F417 /* Debug */ = {
			isa = XCBuildConfiguration;
			buildSettings = {
				ALWAYS_SEARCH_USER_PATHS = NO;
				ASSETCATALOG_COMPILER_GENERATE_SWIFT_ASSET_SYMBOL_EXTENSIONS = YES;
				CLANG_ANALYZER_NONNULL = YES;
				CLANG_ANALYZER_NUMBER_OBJECT_CONVERSION = YES_AGGRESSIVE;
				CLANG_CXX_LANGUAGE_STANDARD = "gnu++20";
				CLANG_ENABLE_MODULES = YES;
				CLANG_ENABLE_OBJC_ARC = YES;
				CLANG_ENABLE_OBJC_WEAK = YES;
				CLANG_WARN_BLOCK_CAPTURE_AUTORELEASING = YES;
				CLANG_WARN_BOOL_CONVERSION = YES;
				CLANG_WARN_COMMA = YES;
				CLANG_WARN_CONSTANT_CONVERSION = YES;
				CLANG_WARN_DEPRECATED_OBJC_IMPLEMENTATIONS = YES;
				CLANG_WARN_DIRECT_OBJC_ISA_USAGE = YES_ERROR;
				CLANG_WARN_DOCUMENTATION_COMMENTS = YES;
				CLANG_WARN_EMPTY_BODY = YES;
				CLANG_WARN_ENUM_CONVERSION = YES;
				CLANG_WARN_INFINITE_RECURSION = YES;
				CLANG_WARN_INT_CONVERSION = YES;
				CLANG_WARN_NON_LITERAL_NULL_CONVERSION = YES;
				CLANG_WARN_OBJC_IMPLICIT_RETAIN_SELF = YES;
				CLANG_WARN_OBJC_LITERAL_CONVERSION = YES;
				CLANG_WARN_OBJC_ROOT_CLASS = YES_ERROR;
				CLANG_WARN_QUOTED_INCLUDE_IN_FRAMEWORK_HEADER = YES;
				CLANG_WARN_RANGE_LOOP_ANALYSIS = YES;
				CLANG_WARN_STRICT_PROTOTYPES = YES;
				CLANG_WARN_SUSPICIOUS_MOVE = YES;
				CLANG_WARN_UNGUARDED_AVAILABILITY = YES_AGGRESSIVE;
				CLANG_WARN_UNREACHABLE_CODE = YES;
				CLANG_WARN__DUPLICATE_METHOD_MATCH = YES;
				COPY_PHASE_STRIP = NO;
				DEBUG_INFORMATION_FORMAT = dwarf;
				ENABLE_STRICT_OBJC_MSGSEND = YES;
				ENABLE_TESTABILITY = YES;
				ENABLE_USER_SCRIPT_SANDBOXING = NO;
				GCC_C_LANGUAGE_STANDARD = gnu17;
				GCC_DYNAMIC_NO_PIC = NO;
				GCC_NO_COMMON_BLOCKS = YES;
				GCC_OPTIMIZATION_LEVEL = 0;
				GCC_PREPROCESSOR_DEFINITIONS = (
					"DEBUG=1",
					"$(inherited)",
				);
				GCC_WARN_64_TO_32_BIT_CONVERSION = YES;
				GCC_WARN_ABOUT_RETURN_TYPE = YES_ERROR;
				GCC_WARN_UNDECLARED_SELECTOR = YES;
				GCC_WARN_UNINITIALIZED_AUTOS = YES_AGGRESSIVE;
				GCC_WARN_UNUSED_FUNCTION = YES;
				GCC_WARN_UNUSED_VARIABLE = YES;
				IPHONEOS_DEPLOYMENT_TARGET = 14.0;
				LOCALIZATION_PREFERS_STRING_CATALOGS = YES;
				MTL_ENABLE_DEBUG_INFO = INCLUDE_SOURCE;
				MTL_FAST_MATH = YES;
				ONLY_ACTIVE_ARCH = YES;
				SDKROOT = iphoneos;
				SWIFT_ACTIVE_COMPILATION_CONDITIONS = "DEBUG $(inherited)";
				SWIFT_OPTIMIZATION_LEVEL = "-Onone";
			};
			name = Debug;
		};
		9D1D01112ABECEBA00F3F417 /* Release */ = {
			isa = XCBuildConfiguration;
			buildSettings = {
				ALWAYS_SEARCH_USER_PATHS = NO;
				ASSETCATALOG_COMPILER_GENERATE_SWIFT_ASSET_SYMBOL_EXTENSIONS = YES;
				CLANG_ANALYZER_NONNULL = YES;
				CLANG_ANALYZER_NUMBER_OBJECT_CONVERSION = YES_AGGRESSIVE;
				CLANG_CXX_LANGUAGE_STANDARD = "gnu++20";
				CLANG_ENABLE_MODULES = YES;
				CLANG_ENABLE_OBJC_ARC = YES;
				CLANG_ENABLE_OBJC_WEAK = YES;
				CLANG_WARN_BLOCK_CAPTURE_AUTORELEASING = YES;
				CLANG_WARN_BOOL_CONVERSION = YES;
				CLANG_WARN_COMMA = YES;
				CLANG_WARN_CONSTANT_CONVERSION = YES;
				CLANG_WARN_DEPRECATED_OBJC_IMPLEMENTATIONS = YES;
				CLANG_WARN_DIRECT_OBJC_ISA_USAGE = YES_ERROR;
				CLANG_WARN_DOCUMENTATION_COMMENTS = YES;
				CLANG_WARN_EMPTY_BODY = YES;
				CLANG_WARN_ENUM_CONVERSION = YES;
				CLANG_WARN_INFINITE_RECURSION = YES;
				CLANG_WARN_INT_CONVERSION = YES;
				CLANG_WARN_NON_LITERAL_NULL_CONVERSION = YES;
				CLANG_WARN_OBJC_IMPLICIT_RETAIN_SELF = YES;
				CLANG_WARN_OBJC_LITERAL_CONVERSION = YES;
				CLANG_WARN_OBJC_ROOT_CLASS = YES_ERROR;
				CLANG_WARN_QUOTED_INCLUDE_IN_FRAMEWORK_HEADER = YES;
				CLANG_WARN_RANGE_LOOP_ANALYSIS = YES;
				CLANG_WARN_STRICT_PROTOTYPES = YES;
				CLANG_WARN_SUSPICIOUS_MOVE = YES;
				CLANG_WARN_UNGUARDED_AVAILABILITY = YES_AGGRESSIVE;
				CLANG_WARN_UNREACHABLE_CODE = YES;
				CLANG_WARN__DUPLICATE_METHOD_MATCH = YES;
				COPY_PHASE_STRIP = NO;
				DEBUG_INFORMATION_FORMAT = "dwarf-with-dsym";
				ENABLE_NS_ASSERTIONS = NO;
				ENABLE_STRICT_OBJC_MSGSEND = YES;
				ENABLE_USER_SCRIPT_SANDBOXING = NO;
				GCC_C_LANGUAGE_STANDARD = gnu17;
				GCC_NO_COMMON_BLOCKS = YES;
				GCC_WARN_64_TO_32_BIT_CONVERSION = YES;
				GCC_WARN_ABOUT_RETURN_TYPE = YES_ERROR;
				GCC_WARN_UNDECLARED_SELECTOR = YES;
				GCC_WARN_UNINITIALIZED_AUTOS = YES_AGGRESSIVE;
				GCC_WARN_UNUSED_FUNCTION = YES;
				GCC_WARN_UNUSED_VARIABLE = YES;
				IPHONEOS_DEPLOYMENT_TARGET = 14.0;
				LOCALIZATION_PREFERS_STRING_CATALOGS = YES;
				MTL_ENABLE_DEBUG_INFO = NO;
				MTL_FAST_MATH = YES;
				SDKROOT = iphoneos;
				SWIFT_COMPILATION_MODE = wholemodule;
				VALIDATE_PRODUCT = YES;
			};
			name = Release;
		};
		9D1D01132ABECEBA00F3F417 /* Debug */ = {
			isa = XCBuildConfiguration;
			baseConfigurationReference = 39AEB1DC2648CE1367815628 /* Pods-HKSwipePhotoView.debug.xcconfig */;
			buildSettings = {
				ASSETCATALOG_COMPILER_APPICON_NAME = AppIcon;
				ASSETCATALOG_COMPILER_GLOBAL_ACCENT_COLOR_NAME = AccentColor;
				CODE_SIGN_STYLE = Automatic;
				CURRENT_PROJECT_VERSION = 1;
				DEVELOPMENT_TEAM = U9VDCCN6G8;
				ENABLE_USER_SCRIPT_SANDBOXING = NO;
				GENERATE_INFOPLIST_FILE = YES;
				INFOPLIST_FILE = HKSwipePhotoView/Info.plist;
				INFOPLIST_KEY_UIApplicationSupportsIndirectInputEvents = YES;
				INFOPLIST_KEY_UILaunchStoryboardName = LaunchScreen.storyboard;
				INFOPLIST_KEY_UISupportedInterfaceOrientations_iPad = "UIInterfaceOrientationPortrait UIInterfaceOrientationPortraitUpsideDown UIInterfaceOrientationLandscapeLeft UIInterfaceOrientationLandscapeRight";
				INFOPLIST_KEY_UISupportedInterfaceOrientations_iPhone = "UIInterfaceOrientationPortrait UIInterfaceOrientationLandscapeLeft UIInterfaceOrientationLandscapeRight";
				IPHONEOS_DEPLOYMENT_TARGET = 14.0;
				LD_RUNPATH_SEARCH_PATHS = (
					"$(inherited)",
					"@executable_path/Frameworks",
				);
				MARKETING_VERSION = 1.0;
				PRODUCT_BUNDLE_IDENTIFIER = com.hk.framework.HKSwipePhotoView;
				PRODUCT_NAME = "$(TARGET_NAME)";
				SWIFT_EMIT_LOC_STRINGS = YES;
				SWIFT_VERSION = 5.0;
				TARGETED_DEVICE_FAMILY = "1,2";
			};
			name = Debug;
		};
		9D1D01142ABECEBA00F3F417 /* Release */ = {
			isa = XCBuildConfiguration;
			baseConfigurationReference = DEAC1CB20ED9C5709AD9599F /* Pods-HKSwipePhotoView.release.xcconfig */;
			buildSettings = {
				ASSETCATALOG_COMPILER_APPICON_NAME = AppIcon;
				ASSETCATALOG_COMPILER_GLOBAL_ACCENT_COLOR_NAME = AccentColor;
				CODE_SIGN_STYLE = Automatic;
				CURRENT_PROJECT_VERSION = 1;
				DEVELOPMENT_TEAM = U9VDCCN6G8;
				ENABLE_USER_SCRIPT_SANDBOXING = NO;
				GENERATE_INFOPLIST_FILE = YES;
				INFOPLIST_FILE = HKSwipePhotoView/Info.plist;
				INFOPLIST_KEY_UIApplicationSupportsIndirectInputEvents = YES;
				INFOPLIST_KEY_UILaunchStoryboardName = LaunchScreen.storyboard;
				INFOPLIST_KEY_UISupportedInterfaceOrientations_iPad = "UIInterfaceOrientationPortrait UIInterfaceOrientationPortraitUpsideDown UIInterfaceOrientationLandscapeLeft UIInterfaceOrientationLandscapeRight";
				INFOPLIST_KEY_UISupportedInterfaceOrientations_iPhone = "UIInterfaceOrientationPortrait UIInterfaceOrientationLandscapeLeft UIInterfaceOrientationLandscapeRight";
				IPHONEOS_DEPLOYMENT_TARGET = 14.0;
				LD_RUNPATH_SEARCH_PATHS = (
					"$(inherited)",
					"@executable_path/Frameworks",
				);
				MARKETING_VERSION = 1.0;
				PRODUCT_BUNDLE_IDENTIFIER = com.hk.framework.HKSwipePhotoView;
				PRODUCT_NAME = "$(TARGET_NAME)";
				SWIFT_EMIT_LOC_STRINGS = YES;
				SWIFT_VERSION = 5.0;
				TARGETED_DEVICE_FAMILY = "1,2";
			};
			name = Release;
		};
/* End XCBuildConfiguration section */

/* Begin XCConfigurationList section */
		9D1D00F92ABECEB900F3F417 /* Build configuration list for PBXProject "HKSwipePhotoView" */ = {
			isa = XCConfigurationList;
			buildConfigurations = (
				9D1D01102ABECEBA00F3F417 /* Debug */,
				9D1D01112ABECEBA00F3F417 /* Release */,
			);
			defaultConfigurationIsVisible = 0;
			defaultConfigurationName = Release;
		};
		9D1D01122ABECEBA00F3F417 /* Build configuration list for PBXNativeTarget "HKSwipePhotoView" */ = {
			isa = XCConfigurationList;
			buildConfigurations = (
				9D1D01132ABECEBA00F3F417 /* Debug */,
				9D1D01142ABECEBA00F3F417 /* Release */,
			);
			defaultConfigurationIsVisible = 0;
			defaultConfigurationName = Release;
		};
/* End XCConfigurationList section */
	};
	rootObject = 9D1D00F62ABECEB900F3F417 /* Project object */;
}
